// !$*UTF8*$!
{
	archiveVersion = 1;
	classes = {
	};
	objectVersion = 46;
	objects = {

/* Begin PBXBuildFile section */
		032E5F571DBAF53900B2A6F2 /* AppDelegate.swift in Sources */ = {isa = PBXBuildFile; fileRef = 032E5F561DBAF53900B2A6F2 /* AppDelegate.swift */; };
		032E5F591DBAF53900B2A6F2 /* ViewController.swift in Sources */ = {isa = PBXBuildFile; fileRef = 032E5F581DBAF53900B2A6F2 /* ViewController.swift */; };
		032E5F5C1DBAF53900B2A6F2 /* Main.storyboard in Resources */ = {isa = PBXBuildFile; fileRef = 032E5F5A1DBAF53900B2A6F2 /* Main.storyboard */; };
		032E5F5E1DBAF53900B2A6F2 /* Assets.xcassets in Resources */ = {isa = PBXBuildFile; fileRef = 032E5F5D1DBAF53900B2A6F2 /* Assets.xcassets */; };
		032E5F611DBAF53900B2A6F2 /* LaunchScreen.storyboard in Resources */ = {isa = PBXBuildFile; fileRef = 032E5F5F1DBAF53900B2A6F2 /* LaunchScreen.storyboard */; };
		032E5F6C1DBAF53900B2A6F2 /* ExpressoTests.swift in Sources */ = {isa = PBXBuildFile; fileRef = 032E5F6B1DBAF53900B2A6F2 /* ExpressoTests.swift */; };
		032E5F771DBAF53900B2A6F2 /* ExpressoUITests.swift in Sources */ = {isa = PBXBuildFile; fileRef = 032E5F761DBAF53900B2A6F2 /* ExpressoUITests.swift */; };
		032E5F851DBAF7EC00B2A6F2 /* HelpScreenController.swift in Sources */ = {isa = PBXBuildFile; fileRef = 032E5F841DBAF7EC00B2A6F2 /* HelpScreenController.swift */; };
		032E5F871DBB17E500B2A6F2 /* CreateChatRoomController.swift in Sources */ = {isa = PBXBuildFile; fileRef = 032E5F861DBB17E500B2A6F2 /* CreateChatRoomController.swift */; };
		032E5F891DBB325B00B2A6F2 /* Extensions.swift in Sources */ = {isa = PBXBuildFile; fileRef = 032E5F881DBB325B00B2A6F2 /* Extensions.swift */; };
		032E5F8B1DBBB39C00B2A6F2 /* StressLevelStatusBar.swift in Sources */ = {isa = PBXBuildFile; fileRef = 032E5F8A1DBBB39C00B2A6F2 /* StressLevelStatusBar.swift */; };
		032E5F8D1DBBC09900B2A6F2 /* StressLevelCell.swift in Sources */ = {isa = PBXBuildFile; fileRef = 032E5F8C1DBBC09900B2A6F2 /* StressLevelCell.swift */; };
		257793BC208098443E335343 /* Pods_ExpressoTests.framework in Frameworks */ = {isa = PBXBuildFile; fileRef = 3CB4CE723ADE82BC7829D108 /* Pods_ExpressoTests.framework */; };
		6D921903D57A55FDC058EA57 /* Pods_ExpressoUITests.framework in Frameworks */ = {isa = PBXBuildFile; fileRef = 615936A55EF85F99C8E7E210 /* Pods_ExpressoUITests.framework */; };
		BBEC7E2636554F0FAD614406 /* Pods_Expresso.framework in Frameworks */ = {isa = PBXBuildFile; fileRef = F9CE5C185D2FEDECA89732B0 /* Pods_Expresso.framework */; };
/* End PBXBuildFile section */

/* Begin PBXContainerItemProxy section */
		032E5F681DBAF53900B2A6F2 /* PBXContainerItemProxy */ = {
			isa = PBXContainerItemProxy;
			containerPortal = 032E5F4B1DBAF53900B2A6F2 /* Project object */;
			proxyType = 1;
			remoteGlobalIDString = 032E5F521DBAF53900B2A6F2;
			remoteInfo = Expresso;
		};
		032E5F731DBAF53900B2A6F2 /* PBXContainerItemProxy */ = {
			isa = PBXContainerItemProxy;
			containerPortal = 032E5F4B1DBAF53900B2A6F2 /* Project object */;
			proxyType = 1;
			remoteGlobalIDString = 032E5F521DBAF53900B2A6F2;
			remoteInfo = Expresso;
		};
/* End PBXContainerItemProxy section */

/* Begin PBXFileReference section */
		032E5F531DBAF53900B2A6F2 /* Expresso.app */ = {isa = PBXFileReference; explicitFileType = wrapper.application; includeInIndex = 0; path = Expresso.app; sourceTree = BUILT_PRODUCTS_DIR; };
		032E5F561DBAF53900B2A6F2 /* AppDelegate.swift */ = {isa = PBXFileReference; lastKnownFileType = sourcecode.swift; path = AppDelegate.swift; sourceTree = "<group>"; };
		032E5F581DBAF53900B2A6F2 /* ViewController.swift */ = {isa = PBXFileReference; lastKnownFileType = sourcecode.swift; path = ViewController.swift; sourceTree = "<group>"; };
		032E5F5B1DBAF53900B2A6F2 /* Base */ = {isa = PBXFileReference; lastKnownFileType = file.storyboard; name = Base; path = Base.lproj/Main.storyboard; sourceTree = "<group>"; };
		032E5F5D1DBAF53900B2A6F2 /* Assets.xcassets */ = {isa = PBXFileReference; lastKnownFileType = folder.assetcatalog; path = Assets.xcassets; sourceTree = "<group>"; };
		032E5F601DBAF53900B2A6F2 /* Base */ = {isa = PBXFileReference; lastKnownFileType = file.storyboard; name = Base; path = Base.lproj/LaunchScreen.storyboard; sourceTree = "<group>"; };
		032E5F621DBAF53900B2A6F2 /* Info.plist */ = {isa = PBXFileReference; lastKnownFileType = text.plist.xml; path = Info.plist; sourceTree = "<group>"; };
		032E5F671DBAF53900B2A6F2 /* ExpressoTests.xctest */ = {isa = PBXFileReference; explicitFileType = wrapper.cfbundle; includeInIndex = 0; path = ExpressoTests.xctest; sourceTree = BUILT_PRODUCTS_DIR; };
		032E5F6B1DBAF53900B2A6F2 /* ExpressoTests.swift */ = {isa = PBXFileReference; lastKnownFileType = sourcecode.swift; path = ExpressoTests.swift; sourceTree = "<group>"; };
		032E5F6D1DBAF53900B2A6F2 /* Info.plist */ = {isa = PBXFileReference; lastKnownFileType = text.plist.xml; path = Info.plist; sourceTree = "<group>"; };
		032E5F721DBAF53900B2A6F2 /* ExpressoUITests.xctest */ = {isa = PBXFileReference; explicitFileType = wrapper.cfbundle; includeInIndex = 0; path = ExpressoUITests.xctest; sourceTree = BUILT_PRODUCTS_DIR; };
		032E5F761DBAF53900B2A6F2 /* ExpressoUITests.swift */ = {isa = PBXFileReference; lastKnownFileType = sourcecode.swift; path = ExpressoUITests.swift; sourceTree = "<group>"; };
		032E5F781DBAF53900B2A6F2 /* Info.plist */ = {isa = PBXFileReference; lastKnownFileType = text.plist.xml; path = Info.plist; sourceTree = "<group>"; };
		032E5F841DBAF7EC00B2A6F2 /* HelpScreenController.swift */ = {isa = PBXFileReference; fileEncoding = 4; lastKnownFileType = sourcecode.swift; path = HelpScreenController.swift; sourceTree = "<group>"; };
		032E5F861DBB17E500B2A6F2 /* CreateChatRoomController.swift */ = {isa = PBXFileReference; fileEncoding = 4; lastKnownFileType = sourcecode.swift; path = CreateChatRoomController.swift; sourceTree = "<group>"; };
		032E5F881DBB325B00B2A6F2 /* Extensions.swift */ = {isa = PBXFileReference; fileEncoding = 4; lastKnownFileType = sourcecode.swift; path = Extensions.swift; sourceTree = "<group>"; };
		032E5F8A1DBBB39C00B2A6F2 /* StressLevelStatusBar.swift */ = {isa = PBXFileReference; fileEncoding = 4; lastKnownFileType = sourcecode.swift; name = StressLevelStatusBar.swift; path = ../StressLevelStatusBar.swift; sourceTree = "<group>"; };
		032E5F8C1DBBC09900B2A6F2 /* StressLevelCell.swift */ = {isa = PBXFileReference; fileEncoding = 4; lastKnownFileType = sourcecode.swift; path = StressLevelCell.swift; sourceTree = "<group>"; };
		2E99395227C1389408C7E98A /* Pods-Expresso.debug.xcconfig */ = {isa = PBXFileReference; includeInIndex = 1; lastKnownFileType = text.xcconfig; name = "Pods-Expresso.debug.xcconfig"; path = "Pods/Target Support Files/Pods-Expresso/Pods-Expresso.debug.xcconfig"; sourceTree = "<group>"; };
		3CB4CE723ADE82BC7829D108 /* Pods_ExpressoTests.framework */ = {isa = PBXFileReference; explicitFileType = wrapper.framework; includeInIndex = 0; path = Pods_ExpressoTests.framework; sourceTree = BUILT_PRODUCTS_DIR; };
		615936A55EF85F99C8E7E210 /* Pods_ExpressoUITests.framework */ = {isa = PBXFileReference; explicitFileType = wrapper.framework; includeInIndex = 0; path = Pods_ExpressoUITests.framework; sourceTree = BUILT_PRODUCTS_DIR; };
		707D79AB6F7A41C3D5EE9536 /* Pods-Expresso.release.xcconfig */ = {isa = PBXFileReference; includeInIndex = 1; lastKnownFileType = text.xcconfig; name = "Pods-Expresso.release.xcconfig"; path = "Pods/Target Support Files/Pods-Expresso/Pods-Expresso.release.xcconfig"; sourceTree = "<group>"; };
		76F665952867BFDF6A388201 /* Pods-ExpressoUITests.debug.xcconfig */ = {isa = PBXFileReference; includeInIndex = 1; lastKnownFileType = text.xcconfig; name = "Pods-ExpressoUITests.debug.xcconfig"; path = "Pods/Target Support Files/Pods-ExpressoUITests/Pods-ExpressoUITests.debug.xcconfig"; sourceTree = "<group>"; };
		A9ED9B4901DF190E6912DA8E /* Pods-ExpressoTests.debug.xcconfig */ = {isa = PBXFileReference; includeInIndex = 1; lastKnownFileType = text.xcconfig; name = "Pods-ExpressoTests.debug.xcconfig"; path = "Pods/Target Support Files/Pods-ExpressoTests/Pods-ExpressoTests.debug.xcconfig"; sourceTree = "<group>"; };
		AECFEBE53F212BAC38DC8595 /* Pods-ExpressoUITests.release.xcconfig */ = {isa = PBXFileReference; includeInIndex = 1; lastKnownFileType = text.xcconfig; name = "Pods-ExpressoUITests.release.xcconfig"; path = "Pods/Target Support Files/Pods-ExpressoUITests/Pods-ExpressoUITests.release.xcconfig"; sourceTree = "<group>"; };
		F1434E1CCE06BFDDFAA0CEC2 /* Pods-ExpressoTests.release.xcconfig */ = {isa = PBXFileReference; includeInIndex = 1; lastKnownFileType = text.xcconfig; name = "Pods-ExpressoTests.release.xcconfig"; path = "Pods/Target Support Files/Pods-ExpressoTests/Pods-ExpressoTests.release.xcconfig"; sourceTree = "<group>"; };
		F9CE5C185D2FEDECA89732B0 /* Pods_Expresso.framework */ = {isa = PBXFileReference; explicitFileType = wrapper.framework; includeInIndex = 0; path = Pods_Expresso.framework; sourceTree = BUILT_PRODUCTS_DIR; };
/* End PBXFileReference section */

/* Begin PBXFrameworksBuildPhase section */
		032E5F501DBAF53900B2A6F2 /* Frameworks */ = {
			isa = PBXFrameworksBuildPhase;
			buildActionMask = 2147483647;
			files = (
				BBEC7E2636554F0FAD614406 /* Pods_Expresso.framework in Frameworks */,
			);
			runOnlyForDeploymentPostprocessing = 0;
		};
		032E5F641DBAF53900B2A6F2 /* Frameworks */ = {
			isa = PBXFrameworksBuildPhase;
			buildActionMask = 2147483647;
			files = (
				257793BC208098443E335343 /* Pods_ExpressoTests.framework in Frameworks */,
			);
			runOnlyForDeploymentPostprocessing = 0;
		};
		032E5F6F1DBAF53900B2A6F2 /* Frameworks */ = {
			isa = PBXFrameworksBuildPhase;
			buildActionMask = 2147483647;
			files = (
				6D921903D57A55FDC058EA57 /* Pods_ExpressoUITests.framework in Frameworks */,
			);
			runOnlyForDeploymentPostprocessing = 0;
		};
/* End PBXFrameworksBuildPhase section */

/* Begin PBXGroup section */
		032E5F4A1DBAF53900B2A6F2 = {
			isa = PBXGroup;
			children = (
				032E5F551DBAF53900B2A6F2 /* Expresso */,
				032E5F6A1DBAF53900B2A6F2 /* ExpressoTests */,
				032E5F751DBAF53900B2A6F2 /* ExpressoUITests */,
				032E5F541DBAF53900B2A6F2 /* Products */,
				F0AC07275D454C2B525B733C /* Pods */,
				DB3C005ABB88D483E99A6E40 /* Frameworks */,
			);
			sourceTree = "<group>";
		};
		032E5F541DBAF53900B2A6F2 /* Products */ = {
			isa = PBXGroup;
			children = (
				032E5F531DBAF53900B2A6F2 /* Expresso.app */,
				032E5F671DBAF53900B2A6F2 /* ExpressoTests.xctest */,
				032E5F721DBAF53900B2A6F2 /* ExpressoUITests.xctest */,
			);
			name = Products;
			sourceTree = "<group>";
		};
		032E5F551DBAF53900B2A6F2 /* Expresso */ = {
			isa = PBXGroup;
			children = (
				032E5F561DBAF53900B2A6F2 /* AppDelegate.swift */,
				032E5F881DBB325B00B2A6F2 /* Extensions.swift */,
				032E5F581DBAF53900B2A6F2 /* ViewController.swift */,
				032E5F8A1DBBB39C00B2A6F2 /* StressLevelStatusBar.swift */,
				032E5F861DBB17E500B2A6F2 /* CreateChatRoomController.swift */,
				032E5F8C1DBBC09900B2A6F2 /* StressLevelCell.swift */,
				032E5F841DBAF7EC00B2A6F2 /* HelpScreenController.swift */,
				032E5F5A1DBAF53900B2A6F2 /* Main.storyboard */,
				032E5F5D1DBAF53900B2A6F2 /* Assets.xcassets */,
				032E5F5F1DBAF53900B2A6F2 /* LaunchScreen.storyboard */,
				032E5F621DBAF53900B2A6F2 /* Info.plist */,
			);
			path = Expresso;
			sourceTree = "<group>";
		};
		032E5F6A1DBAF53900B2A6F2 /* ExpressoTests */ = {
			isa = PBXGroup;
			children = (
				032E5F6B1DBAF53900B2A6F2 /* ExpressoTests.swift */,
				032E5F6D1DBAF53900B2A6F2 /* Info.plist */,
			);
			path = ExpressoTests;
			sourceTree = "<group>";
		};
		032E5F751DBAF53900B2A6F2 /* ExpressoUITests */ = {
			isa = PBXGroup;
			children = (
				032E5F761DBAF53900B2A6F2 /* ExpressoUITests.swift */,
				032E5F781DBAF53900B2A6F2 /* Info.plist */,
			);
			path = ExpressoUITests;
			sourceTree = "<group>";
		};
		DB3C005ABB88D483E99A6E40 /* Frameworks */ = {
			isa = PBXGroup;
			children = (
				F9CE5C185D2FEDECA89732B0 /* Pods_Expresso.framework */,
				3CB4CE723ADE82BC7829D108 /* Pods_ExpressoTests.framework */,
				615936A55EF85F99C8E7E210 /* Pods_ExpressoUITests.framework */,
			);
			name = Frameworks;
			sourceTree = "<group>";
		};
		F0AC07275D454C2B525B733C /* Pods */ = {
			isa = PBXGroup;
			children = (
				2E99395227C1389408C7E98A /* Pods-Expresso.debug.xcconfig */,
				707D79AB6F7A41C3D5EE9536 /* Pods-Expresso.release.xcconfig */,
				A9ED9B4901DF190E6912DA8E /* Pods-ExpressoTests.debug.xcconfig */,
				F1434E1CCE06BFDDFAA0CEC2 /* Pods-ExpressoTests.release.xcconfig */,
				76F665952867BFDF6A388201 /* Pods-ExpressoUITests.debug.xcconfig */,
				AECFEBE53F212BAC38DC8595 /* Pods-ExpressoUITests.release.xcconfig */,
			);
			name = Pods;
			sourceTree = "<group>";
		};
/* End PBXGroup section */

/* Begin PBXNativeTarget section */
		032E5F521DBAF53900B2A6F2 /* Expresso */ = {
			isa = PBXNativeTarget;
			buildConfigurationList = 032E5F7B1DBAF53900B2A6F2 /* Build configuration list for PBXNativeTarget "Expresso" */;
			buildPhases = (
				E01011EAD17279739B90EF15 /* 📦 Check Pods Manifest.lock */,
				032E5F4F1DBAF53900B2A6F2 /* Sources */,
				032E5F501DBAF53900B2A6F2 /* Frameworks */,
				032E5F511DBAF53900B2A6F2 /* Resources */,
				2C8E11791FC6E166C13CAB9F /* 📦 Embed Pods Frameworks */,
				221ED2ADF8547C25BF69EF58 /* 📦 Copy Pods Resources */,
			);
			buildRules = (
			);
			dependencies = (
			);
			name = Expresso;
			productName = Expresso;
			productReference = 032E5F531DBAF53900B2A6F2 /* Expresso.app */;
			productType = "com.apple.product-type.application";
		};
		032E5F661DBAF53900B2A6F2 /* ExpressoTests */ = {
			isa = PBXNativeTarget;
			buildConfigurationList = 032E5F7E1DBAF53900B2A6F2 /* Build configuration list for PBXNativeTarget "ExpressoTests" */;
			buildPhases = (
				466C87F1EC9229A5004F29F2 /* 📦 Check Pods Manifest.lock */,
				032E5F631DBAF53900B2A6F2 /* Sources */,
				032E5F641DBAF53900B2A6F2 /* Frameworks */,
				032E5F651DBAF53900B2A6F2 /* Resources */,
				6D97DC1C912ABE23580FB57A /* 📦 Embed Pods Frameworks */,
				3FB6212DF3AEED50B0068011 /* 📦 Copy Pods Resources */,
			);
			buildRules = (
			);
			dependencies = (
				032E5F691DBAF53900B2A6F2 /* PBXTargetDependency */,
			);
			name = ExpressoTests;
			productName = ExpressoTests;
			productReference = 032E5F671DBAF53900B2A6F2 /* ExpressoTests.xctest */;
			productType = "com.apple.product-type.bundle.unit-test";
		};
		032E5F711DBAF53900B2A6F2 /* ExpressoUITests */ = {
			isa = PBXNativeTarget;
			buildConfigurationList = 032E5F811DBAF53900B2A6F2 /* Build configuration list for PBXNativeTarget "ExpressoUITests" */;
			buildPhases = (
				BBF6246DC3EF323A2F85F455 /* 📦 Check Pods Manifest.lock */,
				032E5F6E1DBAF53900B2A6F2 /* Sources */,
				032E5F6F1DBAF53900B2A6F2 /* Frameworks */,
				032E5F701DBAF53900B2A6F2 /* Resources */,
				B02C4E6EC551FD0C19B88B7E /* 📦 Copy Pods Resources */,
			);
			buildRules = (
			);
			dependencies = (
				032E5F741DBAF53900B2A6F2 /* PBXTargetDependency */,
			);
			name = ExpressoUITests;
			productName = ExpressoUITests;
			productReference = 032E5F721DBAF53900B2A6F2 /* ExpressoUITests.xctest */;
			productType = "com.apple.product-type.bundle.ui-testing";
		};
/* End PBXNativeTarget section */

/* Begin PBXProject section */
		032E5F4B1DBAF53900B2A6F2 /* Project object */ = {
			isa = PBXProject;
			attributes = {
				LastSwiftUpdateCheck = 0800;
				LastUpgradeCheck = 0800;
				ORGANIZATIONNAME = Expresso;
				TargetAttributes = {
					032E5F521DBAF53900B2A6F2 = {
						CreatedOnToolsVersion = 8.0;
						DevelopmentTeam = BZY65TYX78;
						ProvisioningStyle = Automatic;
					};
					032E5F661DBAF53900B2A6F2 = {
						CreatedOnToolsVersion = 8.0;
						DevelopmentTeam = BZY65TYX78;
						ProvisioningStyle = Automatic;
						TestTargetID = 032E5F521DBAF53900B2A6F2;
					};
					032E5F711DBAF53900B2A6F2 = {
						CreatedOnToolsVersion = 8.0;
						DevelopmentTeam = BZY65TYX78;
						ProvisioningStyle = Automatic;
						TestTargetID = 032E5F521DBAF53900B2A6F2;
					};
				};
			};
			buildConfigurationList = 032E5F4E1DBAF53900B2A6F2 /* Build configuration list for PBXProject "Expresso" */;
			compatibilityVersion = "Xcode 3.2";
			developmentRegion = English;
			hasScannedForEncodings = 0;
			knownRegions = (
				en,
				Base,
			);
			mainGroup = 032E5F4A1DBAF53900B2A6F2;
			productRefGroup = 032E5F541DBAF53900B2A6F2 /* Products */;
			projectDirPath = "";
			projectRoot = "";
			targets = (
				032E5F521DBAF53900B2A6F2 /* Expresso */,
				032E5F661DBAF53900B2A6F2 /* ExpressoTests */,
				032E5F711DBAF53900B2A6F2 /* ExpressoUITests */,
			);
		};
/* End PBXProject section */

/* Begin PBXResourcesBuildPhase section */
		032E5F511DBAF53900B2A6F2 /* Resources */ = {
			isa = PBXResourcesBuildPhase;
			buildActionMask = 2147483647;
			files = (
				032E5F611DBAF53900B2A6F2 /* LaunchScreen.storyboard in Resources */,
				032E5F5E1DBAF53900B2A6F2 /* Assets.xcassets in Resources */,
				032E5F5C1DBAF53900B2A6F2 /* Main.storyboard in Resources */,
			);
			runOnlyForDeploymentPostprocessing = 0;
		};
		032E5F651DBAF53900B2A6F2 /* Resources */ = {
			isa = PBXResourcesBuildPhase;
			buildActionMask = 2147483647;
			files = (
			);
			runOnlyForDeploymentPostprocessing = 0;
		};
		032E5F701DBAF53900B2A6F2 /* Resources */ = {
			isa = PBXResourcesBuildPhase;
			buildActionMask = 2147483647;
			files = (
			);
			runOnlyForDeploymentPostprocessing = 0;
		};
/* End PBXResourcesBuildPhase section */

/* Begin PBXShellScriptBuildPhase section */
		221ED2ADF8547C25BF69EF58 /* 📦 Copy Pods Resources */ = {
			isa = PBXShellScriptBuildPhase;
			buildActionMask = 2147483647;
			files = (
			);
			inputPaths = (
			);
			name = "📦 Copy Pods Resources";
			outputPaths = (
			);
			runOnlyForDeploymentPostprocessing = 0;
			shellPath = /bin/sh;
			shellScript = "\"${SRCROOT}/Pods/Target Support Files/Pods-Expresso/Pods-Expresso-resources.sh\"\n";
			showEnvVarsInLog = 0;
		};
		2C8E11791FC6E166C13CAB9F /* 📦 Embed Pods Frameworks */ = {
			isa = PBXShellScriptBuildPhase;
			buildActionMask = 2147483647;
			files = (
			);
			inputPaths = (
			);
			name = "📦 Embed Pods Frameworks";
			outputPaths = (
			);
			runOnlyForDeploymentPostprocessing = 0;
			shellPath = /bin/sh;
			shellScript = "\"${SRCROOT}/Pods/Target Support Files/Pods-Expresso/Pods-Expresso-frameworks.sh\"\n";
			showEnvVarsInLog = 0;
		};
		3FB6212DF3AEED50B0068011 /* 📦 Copy Pods Resources */ = {
			isa = PBXShellScriptBuildPhase;
			buildActionMask = 2147483647;
			files = (
			);
			inputPaths = (
			);
			name = "📦 Copy Pods Resources";
			outputPaths = (
			);
			runOnlyForDeploymentPostprocessing = 0;
			shellPath = /bin/sh;
			shellScript = "\"${SRCROOT}/Pods/Target Support Files/Pods-ExpressoTests/Pods-ExpressoTests-resources.sh\"\n";
			showEnvVarsInLog = 0;
		};
		466C87F1EC9229A5004F29F2 /* 📦 Check Pods Manifest.lock */ = {
			isa = PBXShellScriptBuildPhase;
			buildActionMask = 2147483647;
			files = (
			);
			inputPaths = (
			);
			name = "📦 Check Pods Manifest.lock";
			outputPaths = (
			);
			runOnlyForDeploymentPostprocessing = 0;
			shellPath = /bin/sh;
			shellScript = "diff \"${PODS_ROOT}/../Podfile.lock\" \"${PODS_ROOT}/Manifest.lock\" > /dev/null\nif [[ $? != 0 ]] ; then\n    cat << EOM\nerror: The sandbox is not in sync with the Podfile.lock. Run 'pod install' or update your CocoaPods installation.\nEOM\n    exit 1\nfi\n";
			showEnvVarsInLog = 0;
		};
		6D97DC1C912ABE23580FB57A /* 📦 Embed Pods Frameworks */ = {
			isa = PBXShellScriptBuildPhase;
			buildActionMask = 2147483647;
			files = (
			);
			inputPaths = (
			);
			name = "📦 Embed Pods Frameworks";
			outputPaths = (
			);
			runOnlyForDeploymentPostprocessing = 0;
			shellPath = /bin/sh;
			shellScript = "\"${SRCROOT}/Pods/Target Support Files/Pods-ExpressoTests/Pods-ExpressoTests-frameworks.sh\"\n";
			showEnvVarsInLog = 0;
		};
		B02C4E6EC551FD0C19B88B7E /* 📦 Copy Pods Resources */ = {
			isa = PBXShellScriptBuildPhase;
			buildActionMask = 2147483647;
			files = (
			);
			inputPaths = (
			);
			name = "📦 Copy Pods Resources";
			outputPaths = (
			);
			runOnlyForDeploymentPostprocessing = 0;
			shellPath = /bin/sh;
			shellScript = "\"${SRCROOT}/Pods/Target Support Files/Pods-ExpressoUITests/Pods-ExpressoUITests-resources.sh\"\n";
			showEnvVarsInLog = 0;
		};
		BBF6246DC3EF323A2F85F455 /* 📦 Check Pods Manifest.lock */ = {
			isa = PBXShellScriptBuildPhase;
			buildActionMask = 2147483647;
			files = (
			);
			inputPaths = (
			);
			name = "📦 Check Pods Manifest.lock";
			outputPaths = (
			);
			runOnlyForDeploymentPostprocessing = 0;
			shellPath = /bin/sh;
			shellScript = "diff \"${PODS_ROOT}/../Podfile.lock\" \"${PODS_ROOT}/Manifest.lock\" > /dev/null\nif [[ $? != 0 ]] ; then\n    cat << EOM\nerror: The sandbox is not in sync with the Podfile.lock. Run 'pod install' or update your CocoaPods installation.\nEOM\n    exit 1\nfi\n";
			showEnvVarsInLog = 0;
		};
		E01011EAD17279739B90EF15 /* 📦 Check Pods Manifest.lock */ = {
			isa = PBXShellScriptBuildPhase;
			buildActionMask = 2147483647;
			files = (
			);
			inputPaths = (
			);
			name = "📦 Check Pods Manifest.lock";
			outputPaths = (
			);
			runOnlyForDeploymentPostprocessing = 0;
			shellPath = /bin/sh;
			shellScript = "diff \"${PODS_ROOT}/../Podfile.lock\" \"${PODS_ROOT}/Manifest.lock\" > /dev/null\nif [[ $? != 0 ]] ; then\n    cat << EOM\nerror: The sandbox is not in sync with the Podfile.lock. Run 'pod install' or update your CocoaPods installation.\nEOM\n    exit 1\nfi\n";
			showEnvVarsInLog = 0;
		};
/* End PBXShellScriptBuildPhase section */

/* Begin PBXSourcesBuildPhase section */
		032E5F4F1DBAF53900B2A6F2 /* Sources */ = {
			isa = PBXSourcesBuildPhase;
			buildActionMask = 2147483647;
			files = (
				032E5F8D1DBBC09900B2A6F2 /* StressLevelCell.swift in Sources */,
				032E5F891DBB325B00B2A6F2 /* Extensions.swift in Sources */,
				032E5F851DBAF7EC00B2A6F2 /* HelpScreenController.swift in Sources */,
				032E5F8B1DBBB39C00B2A6F2 /* StressLevelStatusBar.swift in Sources */,
				032E5F591DBAF53900B2A6F2 /* ViewController.swift in Sources */,
				032E5F871DBB17E500B2A6F2 /* CreateChatRoomController.swift in Sources */,
				032E5F571DBAF53900B2A6F2 /* AppDelegate.swift in Sources */,
			);
			runOnlyForDeploymentPostprocessing = 0;
		};
		032E5F631DBAF53900B2A6F2 /* Sources */ = {
			isa = PBXSourcesBuildPhase;
			buildActionMask = 2147483647;
			files = (
				032E5F6C1DBAF53900B2A6F2 /* ExpressoTests.swift in Sources */,
			);
			runOnlyForDeploymentPostprocessing = 0;
		};
		032E5F6E1DBAF53900B2A6F2 /* Sources */ = {
			isa = PBXSourcesBuildPhase;
			buildActionMask = 2147483647;
			files = (
				032E5F771DBAF53900B2A6F2 /* ExpressoUITests.swift in Sources */,
			);
			runOnlyForDeploymentPostprocessing = 0;
		};
/* End PBXSourcesBuildPhase section */

/* Begin PBXTargetDependency section */
		032E5F691DBAF53900B2A6F2 /* PBXTargetDependency */ = {
			isa = PBXTargetDependency;
			target = 032E5F521DBAF53900B2A6F2 /* Expresso */;
			targetProxy = 032E5F681DBAF53900B2A6F2 /* PBXContainerItemProxy */;
		};
		032E5F741DBAF53900B2A6F2 /* PBXTargetDependency */ = {
			isa = PBXTargetDependency;
			target = 032E5F521DBAF53900B2A6F2 /* Expresso */;
			targetProxy = 032E5F731DBAF53900B2A6F2 /* PBXContainerItemProxy */;
		};
/* End PBXTargetDependency section */

/* Begin PBXVariantGroup section */
		032E5F5A1DBAF53900B2A6F2 /* Main.storyboard */ = {
			isa = PBXVariantGroup;
			children = (
				032E5F5B1DBAF53900B2A6F2 /* Base */,
			);
			name = Main.storyboard;
			sourceTree = "<group>";
		};
		032E5F5F1DBAF53900B2A6F2 /* LaunchScreen.storyboard */ = {
			isa = PBXVariantGroup;
			children = (
				032E5F601DBAF53900B2A6F2 /* Base */,
			);
			name = LaunchScreen.storyboard;
			sourceTree = "<group>";
		};
/* End PBXVariantGroup section */

/* Begin XCBuildConfiguration section */
		032E5F791DBAF53900B2A6F2 /* Debug */ = {
			isa = XCBuildConfiguration;
			buildSettings = {
				ALWAYS_SEARCH_USER_PATHS = NO;
				CLANG_ANALYZER_NONNULL = YES;
				CLANG_CXX_LANGUAGE_STANDARD = "gnu++0x";
				CLANG_CXX_LIBRARY = "libc++";
				CLANG_ENABLE_MODULES = YES;
				CLANG_ENABLE_OBJC_ARC = YES;
				CLANG_WARN_BOOL_CONVERSION = YES;
				CLANG_WARN_CONSTANT_CONVERSION = YES;
				CLANG_WARN_DIRECT_OBJC_ISA_USAGE = YES_ERROR;
				CLANG_WARN_DOCUMENTATION_COMMENTS = YES;
				CLANG_WARN_EMPTY_BODY = YES;
				CLANG_WARN_ENUM_CONVERSION = YES;
				CLANG_WARN_INFINITE_RECURSION = YES;
				CLANG_WARN_INT_CONVERSION = YES;
				CLANG_WARN_OBJC_ROOT_CLASS = YES_ERROR;
				CLANG_WARN_SUSPICIOUS_MOVES = YES;
				CLANG_WARN_UNREACHABLE_CODE = YES;
				CLANG_WARN__DUPLICATE_METHOD_MATCH = YES;
				"CODE_SIGN_IDENTITY[sdk=iphoneos*]" = "iPhone Developer";
				COPY_PHASE_STRIP = NO;
				DEBUG_INFORMATION_FORMAT = dwarf;
				ENABLE_STRICT_OBJC_MSGSEND = YES;
				ENABLE_TESTABILITY = YES;
				GCC_C_LANGUAGE_STANDARD = gnu99;
				GCC_DYNAMIC_NO_PIC = NO;
				GCC_NO_COMMON_BLOCKS = YES;
				GCC_OPTIMIZATION_LEVEL = 0;
				GCC_PREPROCESSOR_DEFINITIONS = (
					"DEBUG=1",
					"$(inherited)",
				);
				GCC_WARN_64_TO_32_BIT_CONVERSION = YES;
				GCC_WARN_ABOUT_RETURN_TYPE = YES_ERROR;
				GCC_WARN_UNDECLARED_SELECTOR = YES;
				GCC_WARN_UNINITIALIZED_AUTOS = YES_AGGRESSIVE;
				GCC_WARN_UNUSED_FUNCTION = YES;
				GCC_WARN_UNUSED_VARIABLE = YES;
				IPHONEOS_DEPLOYMENT_TARGET = 10.0;
				MTL_ENABLE_DEBUG_INFO = YES;
				ONLY_ACTIVE_ARCH = YES;
				SDKROOT = iphoneos;
				SWIFT_ACTIVE_COMPILATION_CONDITIONS = DEBUG;
				SWIFT_OPTIMIZATION_LEVEL = "-Onone";
			};
			name = Debug;
		};
		032E5F7A1DBAF53900B2A6F2 /* Release */ = {
			isa = XCBuildConfiguration;
			buildSettings = {
				ALWAYS_SEARCH_USER_PATHS = NO;
				CLANG_ANALYZER_NONNULL = YES;
				CLANG_CXX_LANGUAGE_STANDARD = "gnu++0x";
				CLANG_CXX_LIBRARY = "libc++";
				CLANG_ENABLE_MODULES = YES;
				CLANG_ENABLE_OBJC_ARC = YES;
				CLANG_WARN_BOOL_CONVERSION = YES;
				CLANG_WARN_CONSTANT_CONVERSION = YES;
				CLANG_WARN_DIRECT_OBJC_ISA_USAGE = YES_ERROR;
				CLANG_WARN_DOCUMENTATION_COMMENTS = YES;
				CLANG_WARN_EMPTY_BODY = YES;
				CLANG_WARN_ENUM_CONVERSION = YES;
				CLANG_WARN_INFINITE_RECURSION = YES;
				CLANG_WARN_INT_CONVERSION = YES;
				CLANG_WARN_OBJC_ROOT_CLASS = YES_ERROR;
				CLANG_WARN_SUSPICIOUS_MOVES = YES;
				CLANG_WARN_UNREACHABLE_CODE = YES;
				CLANG_WARN__DUPLICATE_METHOD_MATCH = YES;
				"CODE_SIGN_IDENTITY[sdk=iphoneos*]" = "iPhone Developer";
				COPY_PHASE_STRIP = NO;
				DEBUG_INFORMATION_FORMAT = "dwarf-with-dsym";
				ENABLE_NS_ASSERTIONS = NO;
				ENABLE_STRICT_OBJC_MSGSEND = YES;
				GCC_C_LANGUAGE_STANDARD = gnu99;
				GCC_NO_COMMON_BLOCKS = YES;
				GCC_WARN_64_TO_32_BIT_CONVERSION = YES;
				GCC_WARN_ABOUT_RETURN_TYPE = YES_ERROR;
				GCC_WARN_UNDECLARED_SELECTOR = YES;
				GCC_WARN_UNINITIALIZED_AUTOS = YES_AGGRESSIVE;
				GCC_WARN_UNUSED_FUNCTION = YES;
				GCC_WARN_UNUSED_VARIABLE = YES;
				IPHONEOS_DEPLOYMENT_TARGET = 10.0;
				MTL_ENABLE_DEBUG_INFO = NO;
				SDKROOT = iphoneos;
				SWIFT_OPTIMIZATION_LEVEL = "-Owholemodule";
				VALIDATE_PRODUCT = YES;
			};
			name = Release;
		};
		032E5F7C1DBAF53900B2A6F2 /* Debug */ = {
			isa = XCBuildConfiguration;
			baseConfigurationReference = 2E99395227C1389408C7E98A /* Pods-Expresso.debug.xcconfig */;
			buildSettings = {
				ASSETCATALOG_COMPILER_APPICON_NAME = AppIcon;
				DEVELOPMENT_TEAM = BZY65TYX78;
				INFOPLIST_FILE = Expresso/Info.plist;
				LD_RUNPATH_SEARCH_PATHS = "$(inherited) @executable_path/Frameworks";
				PRODUCT_BUNDLE_IDENTIFIER = com.expresso.Expresso;
				PRODUCT_NAME = "$(TARGET_NAME)";
				SWIFT_VERSION = 3.0;
			};
			name = Debug;
		};
		032E5F7D1DBAF53900B2A6F2 /* Release */ = {
			isa = XCBuildConfiguration;
			baseConfigurationReference = 707D79AB6F7A41C3D5EE9536 /* Pods-Expresso.release.xcconfig */;
			buildSettings = {
				ASSETCATALOG_COMPILER_APPICON_NAME = AppIcon;
				DEVELOPMENT_TEAM = BZY65TYX78;
				INFOPLIST_FILE = Expresso/Info.plist;
				LD_RUNPATH_SEARCH_PATHS = "$(inherited) @executable_path/Frameworks";
				PRODUCT_BUNDLE_IDENTIFIER = com.expresso.Expresso;
				PRODUCT_NAME = "$(TARGET_NAME)";
				SWIFT_VERSION = 3.0;
			};
			name = Release;
		};
		032E5F7F1DBAF53900B2A6F2 /* Debug */ = {
			isa = XCBuildConfiguration;
			baseConfigurationReference = A9ED9B4901DF190E6912DA8E /* Pods-ExpressoTests.debug.xcconfig */;
			buildSettings = {
				ALWAYS_EMBED_SWIFT_STANDARD_LIBRARIES = YES;
				BUNDLE_LOADER = "$(TEST_HOST)";
				DEVELOPMENT_TEAM = BZY65TYX78;
				INFOPLIST_FILE = ExpressoTests/Info.plist;
				LD_RUNPATH_SEARCH_PATHS = "$(inherited) @executable_path/Frameworks @loader_path/Frameworks";
				PRODUCT_BUNDLE_IDENTIFIER = com.expresso.ExpressoTests;
				PRODUCT_NAME = "$(TARGET_NAME)";
				SWIFT_VERSION = 3.0;
				TEST_HOST = "$(BUILT_PRODUCTS_DIR)/Expresso.app/Expresso";
			};
			name = Debug;
		};
		032E5F801DBAF53900B2A6F2 /* Release */ = {
			isa = XCBuildConfiguration;
			baseConfigurationReference = F1434E1CCE06BFDDFAA0CEC2 /* Pods-ExpressoTests.release.xcconfig */;
			buildSettings = {
				ALWAYS_EMBED_SWIFT_STANDARD_LIBRARIES = YES;
				BUNDLE_LOADER = "$(TEST_HOST)";
				DEVELOPMENT_TEAM = BZY65TYX78;
				INFOPLIST_FILE = ExpressoTests/Info.plist;
				LD_RUNPATH_SEARCH_PATHS = "$(inherited) @executable_path/Frameworks @loader_path/Frameworks";
				PRODUCT_BUNDLE_IDENTIFIER = com.expresso.ExpressoTests;
				PRODUCT_NAME = "$(TARGET_NAME)";
				SWIFT_VERSION = 3.0;
				TEST_HOST = "$(BUILT_PRODUCTS_DIR)/Expresso.app/Expresso";
			};
			name = Release;
		};
		032E5F821DBAF53900B2A6F2 /* Debug */ = {
			isa = XCBuildConfiguration;
			baseConfigurationReference = 76F665952867BFDF6A388201 /* Pods-ExpressoUITests.debug.xcconfig */;
			buildSettings = {
				ALWAYS_EMBED_SWIFT_STANDARD_LIBRARIES = YES;
				DEVELOPMENT_TEAM = BZY65TYX78;
				INFOPLIST_FILE = ExpressoUITests/Info.plist;
				LD_RUNPATH_SEARCH_PATHS = "$(inherited) @executable_path/Frameworks @loader_path/Frameworks";
				PRODUCT_BUNDLE_IDENTIFIER = com.expresso.ExpressoUITests;
				PRODUCT_NAME = "$(TARGET_NAME)";
				SWIFT_VERSION = 3.0;
				TEST_TARGET_NAME = Expresso;
			};
			name = Debug;
		};
		032E5F831DBAF53900B2A6F2 /* Release */ = {
			isa = XCBuildConfiguration;
			baseConfigurationReference = AECFEBE53F212BAC38DC8595 /* Pods-ExpressoUITests.release.xcconfig */;
			buildSettings = {
				ALWAYS_EMBED_SWIFT_STANDARD_LIBRARIES = YES;
				DEVELOPMENT_TEAM = BZY65TYX78;
				INFOPLIST_FILE = ExpressoUITests/Info.plist;
				LD_RUNPATH_SEARCH_PATHS = "$(inherited) @executable_path/Frameworks @loader_path/Frameworks";
				PRODUCT_BUNDLE_IDENTIFIER = com.expresso.ExpressoUITests;
				PRODUCT_NAME = "$(TARGET_NAME)";
				SWIFT_VERSION = 3.0;
				TEST_TARGET_NAME = Expresso;
			};
			name = Release;
		};
/* End XCBuildConfiguration section */

/* Begin XCConfigurationList section */
		032E5F4E1DBAF53900B2A6F2 /* Build configuration list for PBXProject "Expresso" */ = {
			isa = XCConfigurationList;
			buildConfigurations = (
				032E5F791DBAF53900B2A6F2 /* Debug */,
				032E5F7A1DBAF53900B2A6F2 /* Release */,
			);
			defaultConfigurationIsVisible = 0;
			defaultConfigurationName = Release;
		};
		032E5F7B1DBAF53900B2A6F2 /* Build configuration list for PBXNativeTarget "Expresso" */ = {
			isa = XCConfigurationList;
			buildConfigurations = (
				032E5F7C1DBAF53900B2A6F2 /* Debug */,
				032E5F7D1DBAF53900B2A6F2 /* Release */,
			);
			defaultConfigurationIsVisible = 0;
			defaultConfigurationName = Release;
		};
		032E5F7E1DBAF53900B2A6F2 /* Build configuration list for PBXNativeTarget "ExpressoTests" */ = {
			isa = XCConfigurationList;
			buildConfigurations = (
				032E5F7F1DBAF53900B2A6F2 /* Debug */,
				032E5F801DBAF53900B2A6F2 /* Release */,
			);
			defaultConfigurationIsVisible = 0;
			defaultConfigurationName = Release;
		};
		032E5F811DBAF53900B2A6F2 /* Build configuration list for PBXNativeTarget "ExpressoUITests" */ = {
			isa = XCConfigurationList;
			buildConfigurations = (
				032E5F821DBAF53900B2A6F2 /* Debug */,
				032E5F831DBAF53900B2A6F2 /* Release */,
			);
			defaultConfigurationIsVisible = 0;
			defaultConfigurationName = Release;
		};
/* End XCConfigurationList section */
	};
	rootObject = 032E5F4B1DBAF53900B2A6F2 /* Project object */;
}
